github.com/EdlinOrg/prominentcolor v1.0.0 h1:sQNY8Dtsv3PK3J1LbmrDmtlZm9Y9U8Loi1iZIl4YN3Y=
github.com/EdlinOrg/prominentcolor v1.0.0/go.mod h1:mYmDsxfcmBz6izH/SqtSzfsUiZdPNPpPgUPKCZq70KQ=
github.com/lucasb-eyer/go-colorful v1.0.3 h1:QIbQXiugsb+q10B+MI+7DI1oQLdmnep86tWFlaaUAac=
github.com/lucasb-eyer/go-colorful v1.0.3/go.mod h1:R4dSotOR9KMtayYi1e77YzuveK+i7ruzyGqttikkLy0=
github.com/nfnt/resize v0.0.0-20180221191011-83c6a9932646 h1:zYyBkD/k9seD2A7fsi6Oo2LfFZAehjjQMERAvZLEDnQ=
github.com/nfnt/resize v0.0.0-20180221191011-83c6a9932646/go.mod h1:jpp1/29i3P1S/RLdc7JQKbRpFeM1dOBd8T9ki5s+AY8=
github.com/oliamb/cutter v0.2.2 h1:Lfwkya0HHNU1YLnGv2hTkzHfasrSMkgv4Dn+5rmlk3k=
github.com/oliamb/cutter v0.2.2/go.mod h1:4BenG2/4GuRBDbVm/OPahDVqbrOemzpPiG5mi1iryBU=
github.com/ozankasikci/go-image-merge v0.2.2 h1:K370BLLTIsamwjAeViiPntf7GiG3h9pXzDmxXCbN8/0=
github.com/ozankasikci/go-image-merge v0.2.2/go.mod h1:NQ2aN0b21buFx3p+5x4dZrKuPSLh2uBukK7F30BrYTo=
github.com/ozankasikci/go-image-merge v0.2.3-0.20200725062803-aedf4eb2eb2c h1:eBz0w4XGcUHRXsnVO8wrsRPaKeIHZuyJVCWl/HT7ukE=
github.com/ozankasikci/go-image-merge v0.2.3-0.20200725062803-aedf4eb2eb2c/go.mod h1:NQ2aN0b21buFx3p+5x4dZrKuPSLh2uBukK7F30BrYTo=
github.com/rainycape/magick v0.0.0-20160302153252-3156ecd81fb6 h1:BHGtfJOkIriDyw//Ro6i8aJaQ9m4c97dw67AJWhs9/w=
github.com/rainycape/magick v0.0.0-20160302153252-3156ecd81fb6/go.mod h1:L2gx2QvIrvTWUCZOVmjdHMroT6/VuAQQn9xAksWrJ8Y=
